<?xml version="1.0" encoding="utf-8"?>
<Project ToolsVersion="4.0" xmlns="http://schemas.microsoft.com/developer/msbuild/2003">
  <ItemGroup>
    <Filter Include="Source Files">
      <UniqueIdentifier>{4FC737F1-C7A5-4376-A066-2A32D752A2FF}</UniqueIdentifier>
      <Extensions>cpp;c;cc;cxx;c++;cppm;ixx;def;odl;idl;hpj;bat;asm;asmx</Extensions>
    </Filter>
    <Filter Include="Header Files">
      <UniqueIdentifier>{93995380-89BD-4b04-88EB-625FBE52EBFB}</UniqueIdentifier>
      <Extensions>h;hh;hpp;hxx;h++;hm;inl;inc;ipp;xsd</Extensions>
    </Filter>
    <Filter Include="Resource Files">
      <UniqueIdentifier>{67DA6AB6-F800-4c08-8B7A-83BB121AAD01}</UniqueIdentifier>
      <Extensions>rc;ico;cur;bmp;dlg;rc2;rct;bin;rgs;gif;jpg;jpeg;jpe;resx;tiff;tif;png;wav;mfcribbon-ms</Extensions>
    </Filter>
  </ItemGroup>
  <ItemGroup>
    <ClCompile Include="CppLearning.cpp">
      <Filter>Source Files</Filter>
    </ClCompile>
    <ClCompile Include="Person.cpp">
      <Filter>Source Files</Filter>
    </ClCompile>
    <ClCompile Include="Student.cpp">
      <Filter>Source Files</Filter>
    </ClCompile>
    <ClCompile Include="MyTemplate.cpp">
      <Filter>Source Files</Filter>
    </ClCompile>
    <ClCompile Include="MyEnum.cpp">
      <Filter>Source Files</Filter>
    </ClCompile>
    <ClCompile Include="MySmartPointer.cpp">
      <Filter>Source Files</Filter>
    </ClCompile>
    <ClCompile Include="MyStaticCast.cpp">
      <Filter>Source Files</Filter>
    </ClCompile>
    <ClCompile Include="MyStream.cpp">
      <Filter>Source Files</Filter>
    </ClCompile>
    <ClCompile Include="MyStandardLibrary.cpp">
      <Filter>Source Files</Filter>
    </ClCompile>
    <ClCompile Include="MyAlgorithm.cpp">
      <Filter>Source Files</Filter>
    </ClCompile>
    <ClCompile Include="MyLambda.cpp">
      <Filter>Source Files</Filter>
    </ClCompile>
    <ClCompile Include="MySemantic.cpp">
      <Filter>Source Files</Filter>
    </ClCompile>
    <ClCompile Include="MyExplicit.cpp">
      <Filter>Source Files</Filter>
    </ClCompile>
    <ClCompile Include="MyVector.cpp">
      <Filter>Source Files</Filter>
    </ClCompile>
    <ClCompile Include="MySet.cpp">
      <Filter>Source Files</Filter>
    </ClCompile>
    <ClCompile Include="MyMap.cpp">
      <Filter>Source Files</Filter>
    </ClCompile>
    <ClCompile Include="MyExpressionsLambda.cpp">
      <Filter>Source Files</Filter>
    </ClCompile>
    <ClCompile Include="MyScopedEnum.cpp">
      <Filter>Source Files</Filter>
    </ClCompile>
    <ClCompile Include="MyUnorderedSet.cpp">
      <Filter>Source Files</Filter>
    </ClCompile>
    <ClCompile Include="MyUnorderedMap.cpp">
      <Filter>Source Files</Filter>
    </ClCompile>
    <ClCompile Include="MyTuple.cpp">
      <Filter>Source Files</Filter>
    </ClCompile>
    <ClCompile Include="MyStaticAssert.cpp">
      <Filter>Source Files</Filter>
    </ClCompile>
    <ClCompile Include="MyConcurrency.cpp">
      <Filter>Source Files</Filter>
    </ClCompile>
    <ClCompile Include="MyClassFeatures.cpp">
      <Filter>Source Files</Filter>
    </ClCompile>
  </ItemGroup>
  <ItemGroup>
    <ClInclude Include="Person.h">
      <Filter>Header Files</Filter>
    </ClInclude>
    <ClInclude Include="Student.h">
      <Filter>Header Files</Filter>
    </ClInclude>
    <ClInclude Include="MyTemplate.h">
      <Filter>Header Files</Filter>
    </ClInclude>
    <ClInclude Include="MyEnum.h">
      <Filter>Header Files</Filter>
    </ClInclude>
    <ClInclude Include="MySmartPointer.h">
      <Filter>Header Files</Filter>
    </ClInclude>
    <ClInclude Include="MyStaticCast.h">
      <Filter>Header Files</Filter>
    </ClInclude>
    <ClInclude Include="MyStream.h">
      <Filter>Header Files</Filter>
    </ClInclude>
    <ClInclude Include="MyStandardLibrary.h">
      <Filter>Header Files</Filter>
    </ClInclude>
    <ClInclude Include="MyAlgorithm.h">
      <Filter>Header Files</Filter>
    </ClInclude>
    <ClInclude Include="MyLambda.h">
      <Filter>Header Files</Filter>
    </ClInclude>
    <ClInclude Include="MySemantic.h">
      <Filter>Header Files</Filter>
    </ClInclude>
    <ClInclude Include="MyExplicit.h">
      <Filter>Header Files</Filter>
    </ClInclude>
    <ClInclude Include="MyVector.h">
      <Filter>Header Files</Filter>
    </ClInclude>
    <ClInclude Include="MySet.h">
      <Filter>Header Files</Filter>
    </ClInclude>
    <ClInclude Include="MyMap.h">
      <Filter>Header Files</Filter>
    </ClInclude>
    <ClInclude Include="MyExpressionsLambda.h">
      <Filter>Header Files</Filter>
    </ClInclude>
    <ClInclude Include="MyScopedEnum.h">
      <Filter>Header Files</Filter>
    </ClInclude>
    <ClInclude Include="MyUnorderedSet.h">
      <Filter>Header Files</Filter>
    </ClInclude>
    <ClInclude Include="MyUnorderedMap.h">
      <Filter>Header Files</Filter>
    </ClInclude>
    <ClInclude Include="MyTuple.h">
      <Filter>Header Files</Filter>
    </ClInclude>
    <ClInclude Include="MyStaticAssert.h">
      <Filter>Header Files</Filter>
    </ClInclude>
    <ClInclude Include="MyConcurrency.h">
      <Filter>Header Files</Filter>
    </ClInclude>
    <ClInclude Include="MyClassFeatures.h">
      <Filter>Header Files</Filter>
    </ClInclude>
  </ItemGroup>
</Project>